
Microsoft Visual Studio Solution File, Format Version 12.00
# Visual Studio Version 16
VisualStudioVersion = 16.0.32630.194
MinimumVisualStudioVersion = 10.0.40219.1
Project("{FAE04EC0-301F-11D3-BF4B-00C04F79EFBC}") = "task1_for_Loop", "Loop algoritms\task1_for_Loop.csproj", "{5F1E4683-B8AD-45D8-BA25-F279D81B55E2}"
EndProject
Project("{FAE04EC0-301F-11D3-BF4B-00C04F79EFBC}") = "task2_do-while_Loop", "do-while_Loop\task2_do-while_Loop.csproj", "{5C5A72F1-E14F-41C4-B244-5EF489F83090}"
EndProject
Project("{FAE04EC0-301F-11D3-BF4B-00C04F79EFBC}") = "task3_while_Loop", "while_Loop\task3_while_Loop.csproj", "{FE16FD19-2C59-4CA0-BCE8-500C7DAFA796}"
EndProject
Global
	GlobalSection(SolutionConfigurationPlatforms) = preSolution
		Debug|Any CPU = Debug|Any CPU
		Release|Any CPU = Release|Any CPU
	EndGlobalSection
	GlobalSection(ProjectConfigurationPlatforms) = postSolution
		{5F1E4683-B8AD-45D8-BA25-F279D81B55E2}.Debug|Any CPU.ActiveCfg = Debug|Any CPU
		{5F1E4683-B8AD-45D8-BA25-F279D81B55E2}.Debug|Any CPU.Build.0 = Debug|Any CPU
		{5F1E4683-B8AD-45D8-BA25-F279D81B55E2}.Release|Any CPU.ActiveCfg = Release|Any CPU
		{5F1E4683-B8AD-45D8-BA25-F279D81B55E2}.Release|Any CPU.Build.0 = Release|Any CPU
		{5C5A72F1-E14F-41C4-B244-5EF489F83090}.Debug|Any CPU.ActiveCfg = Debug|Any CPU
		{5C5A72F1-E14F-41C4-B244-5EF489F83090}.Debug|Any CPU.Build.0 = Debug|Any CPU
		{5C5A72F1-E14F-41C4-B244-5EF489F83090}.Release|Any CPU.ActiveCfg = Release|Any CPU
		{5C5A72F1-E14F-41C4-B244-5EF489F83090}.Release|Any CPU.Build.0 = Release|Any CPU
		{FE16FD19-2C59-4CA0-BCE8-500C7DAFA796}.Debug|Any CPU.ActiveCfg = Debug|Any CPU
		{FE16FD19-2C59-4CA0-BCE8-500C7DAFA796}.Debug|Any CPU.Build.0 = Debug|Any CPU
		{FE16FD19-2C59-4CA0-BCE8-500C7DAFA796}.Release|Any CPU.ActiveCfg = Release|Any CPU
		{FE16FD19-2C59-4CA0-BCE8-500C7DAFA796}.Release|Any CPU.Build.0 = Release|Any CPU
	EndGlobalSection
	GlobalSection(SolutionProperties) = preSolution
		HideSolutionNode = FALSE
	EndGlobalSection
	GlobalSection(ExtensibilityGlobals) = postSolution
		SolutionGuid = {EF5C3096-B338-43AF-A442-92D44DE7055E}
	EndGlobalSection
EndGlobal
